
Microsoft Visual Studio Solution File, Format Version 12.00
# Visual Studio 15
VisualStudioVersion = 15.0.27428.2037
MinimumVisualStudioVersion = 10.0.40219.1
Project("{F184B08F-C81C-45F6-A57F-5ABD9991F28F}") = "QLTVGUI", "QLTV\QLTVGUI.vbproj", "{36EB4D5D-B5A4-465D-BF29-C7A6051B1AB7}"
EndProject
Project("{F184B08F-C81C-45F6-A57F-5ABD9991F28F}") = "QLTVDTO", "QLTVDTO\QLTVDTO.vbproj", "{3AF52B3F-1F63-4971-9B13-BBABD823532E}"
EndProject
Global
	GlobalSection(SolutionConfigurationPlatforms) = preSolution
		Debug|Any CPU = Debug|Any CPU
		Release|Any CPU = Release|Any CPU
	EndGlobalSection
	GlobalSection(ProjectConfigurationPlatforms) = postSolution
		{36EB4D5D-B5A4-465D-BF29-C7A6051B1AB7}.Debug|Any CPU.ActiveCfg = Debug|Any CPU
		{36EB4D5D-B5A4-465D-BF29-C7A6051B1AB7}.Debug|Any CPU.Build.0 = Debug|Any CPU
		{36EB4D5D-B5A4-465D-BF29-C7A6051B1AB7}.Release|Any CPU.ActiveCfg = Release|Any CPU
		{36EB4D5D-B5A4-465D-BF29-C7A6051B1AB7}.Release|Any CPU.Build.0 = Release|Any CPU
		{3AF52B3F-1F63-4971-9B13-BBABD823532E}.Debug|Any CPU.ActiveCfg = Debug|Any CPU
		{3AF52B3F-1F63-4971-9B13-BBABD823532E}.Debug|Any CPU.Build.0 = Debug|Any CPU
		{3AF52B3F-1F63-4971-9B13-BBABD823532E}.Release|Any CPU.ActiveCfg = Release|Any CPU
		{3AF52B3F-1F63-4971-9B13-BBABD823532E}.Release|Any CPU.Build.0 = Release|Any CPU
	EndGlobalSection
	GlobalSection(SolutionProperties) = preSolution
		HideSolutionNode = FALSE
	EndGlobalSection
	GlobalSection(ExtensibilityGlobals) = postSolution
		SolutionGuid = {70AD8F18-DA07-479A-B6A9-E6273E3FC2C9}
	EndGlobalSection
EndGlobal
